// !$*UTF8*$!
{
	archiveVersion = 1;
	classes = {
	};
	objectVersion = 50;
	objects = {

/* Begin PBXBuildFile section */
		FC44AA79264C1EE7004B32A4 /* AppDelegate.swift in Sources */ = {isa = PBXBuildFile; fileRef = FC44AA78264C1EE7004B32A4 /* AppDelegate.swift */; };
		FC44AA7B264C1EE7004B32A4 /* SceneDelegate.swift in Sources */ = {isa = PBXBuildFile; fileRef = FC44AA7A264C1EE7004B32A4 /* SceneDelegate.swift */; };
		FC44AA82264C1EE9004B32A4 /* Assets.xcassets in Resources */ = {isa = PBXBuildFile; fileRef = FC44AA81264C1EE9004B32A4 /* Assets.xcassets */; };
		FC44AA85264C1EE9004B32A4 /* LaunchScreen.storyboard in Resources */ = {isa = PBXBuildFile; fileRef = FC44AA83264C1EE9004B32A4 /* LaunchScreen.storyboard */; };
		FC44AA8F264C1F5D004B32A4 /* SearchViewController.swift in Sources */ = {isa = PBXBuildFile; fileRef = FC44AA8E264C1F5D004B32A4 /* SearchViewController.swift */; };
		FC44AA95264C1F86004B32A4 /* Readme.md in Resources */ = {isa = PBXBuildFile; fileRef = FC44AA92264C1F86004B32A4 /* Readme.md */; };
		FC44AA96264C1F86004B32A4 /* sample.json in Resources */ = {isa = PBXBuildFile; fileRef = FC44AA93264C1F86004B32A4 /* sample.json */; };
		FC44AA97264C1F86004B32A4 /* iOS Developer Practical Test (1).pdf in Resources */ = {isa = PBXBuildFile; fileRef = FC44AA94264C1F86004B32A4 /* iOS Developer Practical Test (1).pdf */; };
		FC44AA9B264C2D24004B32A4 /* SearchModel.swift in Sources */ = {isa = PBXBuildFile; fileRef = FC44AA9A264C2D24004B32A4 /* SearchModel.swift */; };
		FC44AAA0264C5DE9004B32A4 /* Localizable.stringsdict in Resources */ = {isa = PBXBuildFile; fileRef = FC44AA9E264C5DE9004B32A4 /* Localizable.stringsdict */; };
		FC44AAA1264C5DE9004B32A4 /* Localizable.strings in Resources */ = {isa = PBXBuildFile; fileRef = FC44AA9F264C5DE9004B32A4 /* Localizable.strings */; };
		FC44AAAF264C7EEF004B32A4 /* StackOverflowAPI.h in Headers */ = {isa = PBXBuildFile; fileRef = FC44AAAD264C7EEF004B32A4 /* StackOverflowAPI.h */; settings = {ATTRIBUTES = (Public, ); }; };
		FC44AAB2264C7EEF004B32A4 /* StackOverflowAPI.framework in Frameworks */ = {isa = PBXBuildFile; fileRef = FC44AAAB264C7EEF004B32A4 /* StackOverflowAPI.framework */; };
		FC44AAB3264C7EEF004B32A4 /* StackOverflowAPI.framework in Embed Frameworks */ = {isa = PBXBuildFile; fileRef = FC44AAAB264C7EEF004B32A4 /* StackOverflowAPI.framework */; settings = {ATTRIBUTES = (CodeSignOnCopy, RemoveHeadersOnCopy, ); }; };
		FC44AAB8264C7EF8004B32A4 /* StackOverflowQuestionsService.swift in Sources */ = {isa = PBXBuildFile; fileRef = FC44AAA2264C7646004B32A4 /* StackOverflowQuestionsService.swift */; };
		FC44AAB9264C7F05004B32A4 /* CodableTransport.swift in Sources */ = {isa = PBXBuildFile; fileRef = FC44AAA4264C77FA004B32A4 /* CodableTransport.swift */; };
		FC44AABB264C8A95004B32A4 /* ContentPlaceholderView.swift in Sources */ = {isa = PBXBuildFile; fileRef = FC44AABA264C8A95004B32A4 /* ContentPlaceholderView.swift */; };
		FC44AABD264C93BA004B32A4 /* FoundationExtensions.swift in Sources */ = {isa = PBXBuildFile; fileRef = FC44AABC264C93BA004B32A4 /* FoundationExtensions.swift */; };
		FC8967B5264D0A4600F72FDD /* QuestionViewController.swift in Sources */ = {isa = PBXBuildFile; fileRef = FC8967B4264D0A4600F72FDD /* QuestionViewController.swift */; };
		FC8967B9264D133C00F72FDD /* Localization.swift in Sources */ = {isa = PBXBuildFile; fileRef = FC8967B8264D133C00F72FDD /* Localization.swift */; };
		FC8967BB264D99BB00F72FDD /* URLImageView.swift in Sources */ = {isa = PBXBuildFile; fileRef = FC8967BA264D99BB00F72FDD /* URLImageView.swift */; };
		FC8967BF264DBC4800F72FDD /* SearchBarContainerView.swift in Sources */ = {isa = PBXBuildFile; fileRef = FC8967BE264DBC4800F72FDD /* SearchBarContainerView.swift */; };
		FC8967C1264DBECD00F72FDD /* NavigationController.swift in Sources */ = {isa = PBXBuildFile; fileRef = FC8967C0264DBECD00F72FDD /* NavigationController.swift */; };
		FC8967C3264DC26700F72FDD /* BackgroundContainerView.swift in Sources */ = {isa = PBXBuildFile; fileRef = FC8967C2264DC26700F72FDD /* BackgroundContainerView.swift */; };
		FCCDF60D264E798200FC01A3 /* Layout.h in Headers */ = {isa = PBXBuildFile; fileRef = FCCDF60B264E798200FC01A3 /* Layout.h */; settings = {ATTRIBUTES = (Public, ); }; };
		FCCDF610264E798200FC01A3 /* Layout.framework in Frameworks */ = {isa = PBXBuildFile; fileRef = FCCDF609264E798200FC01A3 /* Layout.framework */; };
		FCCDF611264E798200FC01A3 /* Layout.framework in Embed Frameworks */ = {isa = PBXBuildFile; fileRef = FCCDF609264E798200FC01A3 /* Layout.framework */; settings = {ATTRIBUTES = (CodeSignOnCopy, RemoveHeadersOnCopy, ); }; };
		FCCDF616264E79AA00FC01A3 /* Margin.swift in Sources */ = {isa = PBXBuildFile; fileRef = FCCDF615264E79AA00FC01A3 /* Margin.swift */; };
		FCCDF619264E7D4100FC01A3 /* UIKitExtensions.swift in Sources */ = {isa = PBXBuildFile; fileRef = FCCDF618264E7D4100FC01A3 /* UIKitExtensions.swift */; };
		FCCDF627264E95C400FC01A3 /* Mock.h in Headers */ = {isa = PBXBuildFile; fileRef = FCCDF625264E95C400FC01A3 /* Mock.h */; settings = {ATTRIBUTES = (Public, ); }; };
		FCCDF62A264E95C400FC01A3 /* Mock.framework in Frameworks */ = {isa = PBXBuildFile; fileRef = FCCDF623264E95C400FC01A3 /* Mock.framework */; };
		FCCDF62B264E95C400FC01A3 /* Mock.framework in Embed Frameworks */ = {isa = PBXBuildFile; fileRef = FCCDF623264E95C400FC01A3 /* Mock.framework */; settings = {ATTRIBUTES = (CodeSignOnCopy, RemoveHeadersOnCopy, ); }; };
		FCCDF62F264E95CB00FC01A3 /* Mock.swift in Sources */ = {isa = PBXBuildFile; fileRef = FCCDF61A264E83A800FC01A3 /* Mock.swift */; };
		FCCDF631264E961300FC01A3 /* Timestamp.swift in Sources */ = {isa = PBXBuildFile; fileRef = FCCDF630264E961300FC01A3 /* Timestamp.swift */; };
		FCCDF638264E975500FC01A3 /* Mock.framework in Frameworks */ = {isa = PBXBuildFile; fileRef = FCCDF623264E95C400FC01A3 /* Mock.framework */; };
		FCCDF639264E975500FC01A3 /* Mock.framework in Embed Frameworks */ = {isa = PBXBuildFile; fileRef = FCCDF623264E95C400FC01A3 /* Mock.framework */; settings = {ATTRIBUTES = (CodeSignOnCopy, RemoveHeadersOnCopy, ); }; };
		FCCDF63E264E99FD00FC01A3 /* ColorView.swift in Sources */ = {isa = PBXBuildFile; fileRef = FCCDF63D264E99FD00FC01A3 /* ColorView.swift */; };
		FCCDF63F264E9E6D00FC01A3 /* HorizontalDividerView.swift in Sources */ = {isa = PBXBuildFile; fileRef = FC8967BC264DA2B300F72FDD /* HorizontalDividerView.swift */; };
		FCCDF645264EC15200FC01A3 /* SearchViewModel.swift in Sources */ = {isa = PBXBuildFile; fileRef = FCCDF644264EC15200FC01A3 /* SearchViewModel.swift */; };
		FCCDF647264F0DB700FC01A3 /* SearchResultTableViewCell.swift in Sources */ = {isa = PBXBuildFile; fileRef = FCCDF646264F0DB700FC01A3 /* SearchResultTableViewCell.swift */; };
		FCCDF64D264F188100FC01A3 /* ZStack.swift in Sources */ = {isa = PBXBuildFile; fileRef = FCCDF64C264F188100FC01A3 /* ZStack.swift */; };
		FCCDF64F264F206800FC01A3 /* UIKitExtensions.swift in Sources */ = {isa = PBXBuildFile; fileRef = FCCDF64E264F206800FC01A3 /* UIKitExtensions.swift */; };
/* End PBXBuildFile section */

/* Begin PBXContainerItemProxy section */
		FC44AAB0264C7EEF004B32A4 /* PBXContainerItemProxy */ = {
			isa = PBXContainerItemProxy;
			containerPortal = FC44AA6D264C1EE7004B32A4 /* Project object */;
			proxyType = 1;
			remoteGlobalIDString = FC44AAAA264C7EEF004B32A4;
			remoteInfo = StackOverflowAPI;
		};
		FCCDF60E264E798200FC01A3 /* PBXContainerItemProxy */ = {
			isa = PBXContainerItemProxy;
			containerPortal = FC44AA6D264C1EE7004B32A4 /* Project object */;
			proxyType = 1;
			remoteGlobalIDString = FCCDF608264E798200FC01A3;
			remoteInfo = Layout;
		};
		FCCDF628264E95C400FC01A3 /* PBXContainerItemProxy */ = {
			isa = PBXContainerItemProxy;
			containerPortal = FC44AA6D264C1EE7004B32A4 /* Project object */;
			proxyType = 1;
			remoteGlobalIDString = FCCDF622264E95C400FC01A3;
			remoteInfo = Mock;
		};
		FCCDF635264E974C00FC01A3 /* PBXContainerItemProxy */ = {
			isa = PBXContainerItemProxy;
			containerPortal = FC44AA6D264C1EE7004B32A4 /* Project object */;
			proxyType = 1;
			remoteGlobalIDString = FCCDF622264E95C400FC01A3;
			remoteInfo = Mock;
		};
/* End PBXContainerItemProxy section */

/* Begin PBXCopyFilesBuildPhase section */
		FC44AAB7264C7EEF004B32A4 /* Embed Frameworks */ = {
			isa = PBXCopyFilesBuildPhase;
			buildActionMask = 2147483647;
			dstPath = "";
			dstSubfolderSpec = 10;
			files = (
				FCCDF611264E798200FC01A3 /* Layout.framework in Embed Frameworks */,
				FCCDF62B264E95C400FC01A3 /* Mock.framework in Embed Frameworks */,
				FC44AAB3264C7EEF004B32A4 /* StackOverflowAPI.framework in Embed Frameworks */,
			);
			name = "Embed Frameworks";
			runOnlyForDeploymentPostprocessing = 0;
		};
		FCCDF63A264E975500FC01A3 /* Embed Frameworks */ = {
			isa = PBXCopyFilesBuildPhase;
			buildActionMask = 2147483647;
			dstPath = "";
			dstSubfolderSpec = 10;
			files = (
				FCCDF639264E975500FC01A3 /* Mock.framework in Embed Frameworks */,
			);
			name = "Embed Frameworks";
			runOnlyForDeploymentPostprocessing = 0;
		};
/* End PBXCopyFilesBuildPhase section */

/* Begin PBXFileReference section */
		FC44AA75264C1EE7004B32A4 /* StackOverflow.app */ = {isa = PBXFileReference; explicitFileType = wrapper.application; includeInIndex = 0; path = StackOverflow.app; sourceTree = BUILT_PRODUCTS_DIR; };
		FC44AA78264C1EE7004B32A4 /* AppDelegate.swift */ = {isa = PBXFileReference; lastKnownFileType = sourcecode.swift; path = AppDelegate.swift; sourceTree = "<group>"; };
		FC44AA7A264C1EE7004B32A4 /* SceneDelegate.swift */ = {isa = PBXFileReference; lastKnownFileType = sourcecode.swift; path = SceneDelegate.swift; sourceTree = "<group>"; };
		FC44AA81264C1EE9004B32A4 /* Assets.xcassets */ = {isa = PBXFileReference; lastKnownFileType = folder.assetcatalog; path = Assets.xcassets; sourceTree = "<group>"; };
		FC44AA84264C1EE9004B32A4 /* Base */ = {isa = PBXFileReference; lastKnownFileType = file.storyboard; name = Base; path = Base.lproj/LaunchScreen.storyboard; sourceTree = "<group>"; };
		FC44AA86264C1EE9004B32A4 /* Info.plist */ = {isa = PBXFileReference; lastKnownFileType = text.plist.xml; path = Info.plist; sourceTree = "<group>"; };
		FC44AA8E264C1F5D004B32A4 /* SearchViewController.swift */ = {isa = PBXFileReference; lastKnownFileType = sourcecode.swift; path = SearchViewController.swift; sourceTree = "<group>"; };
		FC44AA92264C1F86004B32A4 /* Readme.md */ = {isa = PBXFileReference; fileEncoding = 4; lastKnownFileType = net.daringfireball.markdown; path = Readme.md; sourceTree = "<group>"; };
		FC44AA93264C1F86004B32A4 /* sample.json */ = {isa = PBXFileReference; fileEncoding = 4; lastKnownFileType = text.json; path = sample.json; sourceTree = "<group>"; };
		FC44AA94264C1F86004B32A4 /* iOS Developer Practical Test (1).pdf */ = {isa = PBXFileReference; lastKnownFileType = image.pdf; path = "iOS Developer Practical Test (1).pdf"; sourceTree = "<group>"; };
		FC44AA9A264C2D24004B32A4 /* SearchModel.swift */ = {isa = PBXFileReference; lastKnownFileType = sourcecode.swift; path = SearchModel.swift; sourceTree = "<group>"; };
		FC44AA9E264C5DE9004B32A4 /* Localizable.stringsdict */ = {isa = PBXFileReference; fileEncoding = 4; lastKnownFileType = text.plist.stringsdict; path = Localizable.stringsdict; sourceTree = "<group>"; };
		FC44AA9F264C5DE9004B32A4 /* Localizable.strings */ = {isa = PBXFileReference; fileEncoding = 4; lastKnownFileType = text.plist.strings; path = Localizable.strings; sourceTree = "<group>"; };
		FC44AAA2264C7646004B32A4 /* StackOverflowQuestionsService.swift */ = {isa = PBXFileReference; lastKnownFileType = sourcecode.swift; path = StackOverflowQuestionsService.swift; sourceTree = "<group>"; };
		FC44AAA4264C77FA004B32A4 /* CodableTransport.swift */ = {isa = PBXFileReference; lastKnownFileType = sourcecode.swift; path = CodableTransport.swift; sourceTree = "<group>"; };
		FC44AAAB264C7EEF004B32A4 /* StackOverflowAPI.framework */ = {isa = PBXFileReference; explicitFileType = wrapper.framework; includeInIndex = 0; path = StackOverflowAPI.framework; sourceTree = BUILT_PRODUCTS_DIR; };
		FC44AAAD264C7EEF004B32A4 /* StackOverflowAPI.h */ = {isa = PBXFileReference; lastKnownFileType = sourcecode.c.h; path = StackOverflowAPI.h; sourceTree = "<group>"; };
		FC44AAAE264C7EEF004B32A4 /* Info.plist */ = {isa = PBXFileReference; lastKnownFileType = text.plist.xml; path = Info.plist; sourceTree = "<group>"; };
		FC44AABA264C8A95004B32A4 /* ContentPlaceholderView.swift */ = {isa = PBXFileReference; lastKnownFileType = sourcecode.swift; path = ContentPlaceholderView.swift; sourceTree = "<group>"; };
		FC44AABC264C93BA004B32A4 /* FoundationExtensions.swift */ = {isa = PBXFileReference; lastKnownFileType = sourcecode.swift; path = FoundationExtensions.swift; sourceTree = "<group>"; };
		FC8967B4264D0A4600F72FDD /* QuestionViewController.swift */ = {isa = PBXFileReference; lastKnownFileType = sourcecode.swift; path = QuestionViewController.swift; sourceTree = "<group>"; };
		FC8967B8264D133C00F72FDD /* Localization.swift */ = {isa = PBXFileReference; lastKnownFileType = sourcecode.swift; path = Localization.swift; sourceTree = "<group>"; };
		FC8967BA264D99BB00F72FDD /* URLImageView.swift */ = {isa = PBXFileReference; lastKnownFileType = sourcecode.swift; path = URLImageView.swift; sourceTree = "<group>"; };
		FC8967BC264DA2B300F72FDD /* HorizontalDividerView.swift */ = {isa = PBXFileReference; lastKnownFileType = sourcecode.swift; path = HorizontalDividerView.swift; sourceTree = "<group>"; };
		FC8967BE264DBC4800F72FDD /* SearchBarContainerView.swift */ = {isa = PBXFileReference; lastKnownFileType = sourcecode.swift; path = SearchBarContainerView.swift; sourceTree = "<group>"; };
		FC8967C0264DBECD00F72FDD /* NavigationController.swift */ = {isa = PBXFileReference; lastKnownFileType = sourcecode.swift; path = NavigationController.swift; sourceTree = "<group>"; };
		FC8967C2264DC26700F72FDD /* BackgroundContainerView.swift */ = {isa = PBXFileReference; lastKnownFileType = sourcecode.swift; path = BackgroundContainerView.swift; sourceTree = "<group>"; };
		FCCDF609264E798200FC01A3 /* Layout.framework */ = {isa = PBXFileReference; explicitFileType = wrapper.framework; includeInIndex = 0; path = Layout.framework; sourceTree = BUILT_PRODUCTS_DIR; };
		FCCDF60B264E798200FC01A3 /* Layout.h */ = {isa = PBXFileReference; lastKnownFileType = sourcecode.c.h; path = Layout.h; sourceTree = "<group>"; };
		FCCDF60C264E798200FC01A3 /* Info.plist */ = {isa = PBXFileReference; lastKnownFileType = text.plist.xml; path = Info.plist; sourceTree = "<group>"; };
		FCCDF615264E79AA00FC01A3 /* Margin.swift */ = {isa = PBXFileReference; lastKnownFileType = sourcecode.swift; path = Margin.swift; sourceTree = "<group>"; };
		FCCDF618264E7D4100FC01A3 /* UIKitExtensions.swift */ = {isa = PBXFileReference; lastKnownFileType = sourcecode.swift; path = UIKitExtensions.swift; sourceTree = "<group>"; };
		FCCDF61A264E83A800FC01A3 /* Mock.swift */ = {isa = PBXFileReference; lastKnownFileType = sourcecode.swift; path = Mock.swift; sourceTree = "<group>"; };
		FCCDF623264E95C400FC01A3 /* Mock.framework */ = {isa = PBXFileReference; explicitFileType = wrapper.framework; includeInIndex = 0; path = Mock.framework; sourceTree = BUILT_PRODUCTS_DIR; };
		FCCDF625264E95C400FC01A3 /* Mock.h */ = {isa = PBXFileReference; lastKnownFileType = sourcecode.c.h; path = Mock.h; sourceTree = "<group>"; };
		FCCDF626264E95C400FC01A3 /* Info.plist */ = {isa = PBXFileReference; lastKnownFileType = text.plist.xml; path = Info.plist; sourceTree = "<group>"; };
		FCCDF630264E961300FC01A3 /* Timestamp.swift */ = {isa = PBXFileReference; lastKnownFileType = sourcecode.swift; path = Timestamp.swift; sourceTree = "<group>"; };
		FCCDF63D264E99FD00FC01A3 /* ColorView.swift */ = {isa = PBXFileReference; lastKnownFileType = sourcecode.swift; path = ColorView.swift; sourceTree = "<group>"; };
		FCCDF644264EC15200FC01A3 /* SearchViewModel.swift */ = {isa = PBXFileReference; lastKnownFileType = sourcecode.swift; path = SearchViewModel.swift; sourceTree = "<group>"; };
		FCCDF646264F0DB700FC01A3 /* SearchResultTableViewCell.swift */ = {isa = PBXFileReference; lastKnownFileType = sourcecode.swift; path = SearchResultTableViewCell.swift; sourceTree = "<group>"; };
		FCCDF64C264F188100FC01A3 /* ZStack.swift */ = {isa = PBXFileReference; lastKnownFileType = sourcecode.swift; path = ZStack.swift; sourceTree = "<group>"; };
		FCCDF64E264F206800FC01A3 /* UIKitExtensions.swift */ = {isa = PBXFileReference; lastKnownFileType = sourcecode.swift; path = UIKitExtensions.swift; sourceTree = "<group>"; };
/* End PBXFileReference section */

/* Begin PBXFrameworksBuildPhase section */
		FC44AA72264C1EE7004B32A4 /* Frameworks */ = {
			isa = PBXFrameworksBuildPhase;
			buildActionMask = 2147483647;
			files = (
				FCCDF610264E798200FC01A3 /* Layout.framework in Frameworks */,
				FCCDF62A264E95C400FC01A3 /* Mock.framework in Frameworks */,
				FC44AAB2264C7EEF004B32A4 /* StackOverflowAPI.framework in Frameworks */,
			);
			runOnlyForDeploymentPostprocessing = 0;
		};
		FC44AAA8264C7EEF004B32A4 /* Frameworks */ = {
			isa = PBXFrameworksBuildPhase;
			buildActionMask = 2147483647;
			files = (
				FCCDF638264E975500FC01A3 /* Mock.framework in Frameworks */,
			);
			runOnlyForDeploymentPostprocessing = 0;
		};
		FCCDF606264E798200FC01A3 /* Frameworks */ = {
			isa = PBXFrameworksBuildPhase;
			buildActionMask = 2147483647;
			files = (
			);
			runOnlyForDeploymentPostprocessing = 0;
		};
		FCCDF620264E95C400FC01A3 /* Frameworks */ = {
			isa = PBXFrameworksBuildPhase;
			buildActionMask = 2147483647;
			files = (
			);
			runOnlyForDeploymentPostprocessing = 0;
		};
/* End PBXFrameworksBuildPhase section */

/* Begin PBXGroup section */
		FC44AA6C264C1EE7004B32A4 = {
			isa = PBXGroup;
			children = (
				FC44AA94264C1F86004B32A4 /* iOS Developer Practical Test (1).pdf */,
				FC44AA92264C1F86004B32A4 /* Readme.md */,
				FC44AA93264C1F86004B32A4 /* sample.json */,
				FC44AA77264C1EE7004B32A4 /* StackOverflow */,
				FC44AAAC264C7EEF004B32A4 /* StackOverflowAPI */,
				FCCDF60A264E798200FC01A3 /* Layout */,
				FCCDF624264E95C400FC01A3 /* Mock */,
				FC44AA76264C1EE7004B32A4 /* Products */,
				FCCDF632264E974C00FC01A3 /* Frameworks */,
			);
			sourceTree = "<group>";
		};
		FC44AA76264C1EE7004B32A4 /* Products */ = {
			isa = PBXGroup;
			children = (
				FC44AA75264C1EE7004B32A4 /* StackOverflow.app */,
				FC44AAAB264C7EEF004B32A4 /* StackOverflowAPI.framework */,
				FCCDF609264E798200FC01A3 /* Layout.framework */,
				FCCDF623264E95C400FC01A3 /* Mock.framework */,
			);
			name = Products;
			sourceTree = "<group>";
		};
		FC44AA77264C1EE7004B32A4 /* StackOverflow */ = {
			isa = PBXGroup;
			children = (
				FCAAA40D264E6BCE00C735E1 /* Delegate */,
				FCCDF64A264F10D700FC01A3 /* Model */,
				FCCDF648264F109C00FC01A3 /* View Controllers */,
				FCCDF649264F10AA00FC01A3 /* Views */,
				FCCDF64B264F10EA00FC01A3 /* Utilities */,
				FCAAA40C264E6BC500C735E1 /* Resources */,
			);
			path = StackOverflow;
			sourceTree = "<group>";
		};
		FC44AAAC264C7EEF004B32A4 /* StackOverflowAPI */ = {
			isa = PBXGroup;
			children = (
				FC44AAAD264C7EEF004B32A4 /* StackOverflowAPI.h */,
				FC44AAA2264C7646004B32A4 /* StackOverflowQuestionsService.swift */,
				FCCDF630264E961300FC01A3 /* Timestamp.swift */,
				FC44AAA4264C77FA004B32A4 /* CodableTransport.swift */,
				FC44AAAE264C7EEF004B32A4 /* Info.plist */,
			);
			path = StackOverflowAPI;
			sourceTree = "<group>";
		};
		FCAAA40C264E6BC500C735E1 /* Resources */ = {
			isa = PBXGroup;
			children = (
				FC44AA9F264C5DE9004B32A4 /* Localizable.strings */,
				FC44AA9E264C5DE9004B32A4 /* Localizable.stringsdict */,
				FC44AA81264C1EE9004B32A4 /* Assets.xcassets */,
				FC44AA83264C1EE9004B32A4 /* LaunchScreen.storyboard */,
				FC44AA86264C1EE9004B32A4 /* Info.plist */,
			);
			path = Resources;
			sourceTree = "<group>";
		};
		FCAAA40D264E6BCE00C735E1 /* Delegate */ = {
			isa = PBXGroup;
			children = (
				FC44AA78264C1EE7004B32A4 /* AppDelegate.swift */,
				FC44AA7A264C1EE7004B32A4 /* SceneDelegate.swift */,
			);
			path = Delegate;
			sourceTree = "<group>";
		};
		FCCDF60A264E798200FC01A3 /* Layout */ = {
			isa = PBXGroup;
			children = (
				FCCDF60B264E798200FC01A3 /* Layout.h */,
				FCCDF615264E79AA00FC01A3 /* Margin.swift */,
				FCCDF63D264E99FD00FC01A3 /* ColorView.swift */,
				FC8967BC264DA2B300F72FDD /* HorizontalDividerView.swift */,
				FCCDF64C264F188100FC01A3 /* ZStack.swift */,
				FCCDF618264E7D4100FC01A3 /* UIKitExtensions.swift */,
				FCCDF60C264E798200FC01A3 /* Info.plist */,
			);
			path = Layout;
			sourceTree = "<group>";
		};
		FCCDF624264E95C400FC01A3 /* Mock */ = {
			isa = PBXGroup;
			children = (
				FCCDF625264E95C400FC01A3 /* Mock.h */,
				FCCDF61A264E83A800FC01A3 /* Mock.swift */,
				FCCDF626264E95C400FC01A3 /* Info.plist */,
			);
			path = Mock;
			sourceTree = "<group>";
		};
		FCCDF632264E974C00FC01A3 /* Frameworks */ = {
			isa = PBXGroup;
			children = (
			);
			name = Frameworks;
			sourceTree = "<group>";
		};
		FCCDF648264F109C00FC01A3 /* View Controllers */ = {
			isa = PBXGroup;
			children = (
				FC44AA8E264C1F5D004B32A4 /* SearchViewController.swift */,
				FC8967B4264D0A4600F72FDD /* QuestionViewController.swift */,
			);
			path = "View Controllers";
			sourceTree = "<group>";
		};
		FCCDF649264F10AA00FC01A3 /* Views */ = {
			isa = PBXGroup;
			children = (
				FCCDF646264F0DB700FC01A3 /* SearchResultTableViewCell.swift */,
				FC44AABA264C8A95004B32A4 /* ContentPlaceholderView.swift */,
				FC8967BE264DBC4800F72FDD /* SearchBarContainerView.swift */,
				FC8967C0264DBECD00F72FDD /* NavigationController.swift */,
				FC8967C2264DC26700F72FDD /* BackgroundContainerView.swift */,
				FC8967BA264D99BB00F72FDD /* URLImageView.swift */,
			);
			path = Views;
			sourceTree = "<group>";
		};
		FCCDF64A264F10D700FC01A3 /* Model */ = {
			isa = PBXGroup;
			children = (
				FCCDF644264EC15200FC01A3 /* SearchViewModel.swift */,
				FC44AA9A264C2D24004B32A4 /* SearchModel.swift */,
			);
			path = Model;
			sourceTree = "<group>";
		};
		FCCDF64B264F10EA00FC01A3 /* Utilities */ = {
			isa = PBXGroup;
			children = (
				FC8967B8264D133C00F72FDD /* Localization.swift */,
				FC44AABC264C93BA004B32A4 /* FoundationExtensions.swift */,
				FCCDF64E264F206800FC01A3 /* UIKitExtensions.swift */,
			);
			path = Utilities;
			sourceTree = "<group>";
		};
/* End PBXGroup section */

/* Begin PBXHeadersBuildPhase section */
		FC44AAA6264C7EEF004B32A4 /* Headers */ = {
			isa = PBXHeadersBuildPhase;
			buildActionMask = 2147483647;
			files = (
				FC44AAAF264C7EEF004B32A4 /* StackOverflowAPI.h in Headers */,
			);
			runOnlyForDeploymentPostprocessing = 0;
		};
		FCCDF604264E798200FC01A3 /* Headers */ = {
			isa = PBXHeadersBuildPhase;
			buildActionMask = 2147483647;
			files = (
				FCCDF60D264E798200FC01A3 /* Layout.h in Headers */,
			);
			runOnlyForDeploymentPostprocessing = 0;
		};
		FCCDF61E264E95C400FC01A3 /* Headers */ = {
			isa = PBXHeadersBuildPhase;
			buildActionMask = 2147483647;
			files = (
				FCCDF627264E95C400FC01A3 /* Mock.h in Headers */,
			);
			runOnlyForDeploymentPostprocessing = 0;
		};
/* End PBXHeadersBuildPhase section */

/* Begin PBXNativeTarget section */
		FC44AA74264C1EE7004B32A4 /* StackOverflow */ = {
			isa = PBXNativeTarget;
			buildConfigurationList = FC44AA89264C1EE9004B32A4 /* Build configuration list for PBXNativeTarget "StackOverflow" */;
			buildPhases = (
				FC44AA71264C1EE7004B32A4 /* Sources */,
				FC44AA72264C1EE7004B32A4 /* Frameworks */,
				FC44AA73264C1EE7004B32A4 /* Resources */,
				FC44AAB7264C7EEF004B32A4 /* Embed Frameworks */,
			);
			buildRules = (
			);
			dependencies = (
				FC44AAB1264C7EEF004B32A4 /* PBXTargetDependency */,
				FCCDF60F264E798200FC01A3 /* PBXTargetDependency */,
				FCCDF629264E95C400FC01A3 /* PBXTargetDependency */,
			);
			name = StackOverflow;
			productName = StackOverflow;
			productReference = FC44AA75264C1EE7004B32A4 /* StackOverflow.app */;
			productType = "com.apple.product-type.application";
		};
		FC44AAAA264C7EEF004B32A4 /* StackOverflowAPI */ = {
			isa = PBXNativeTarget;
			buildConfigurationList = FC44AAB4264C7EEF004B32A4 /* Build configuration list for PBXNativeTarget "StackOverflowAPI" */;
			buildPhases = (
				FC44AAA6264C7EEF004B32A4 /* Headers */,
				FC44AAA7264C7EEF004B32A4 /* Sources */,
				FC44AAA8264C7EEF004B32A4 /* Frameworks */,
				FC44AAA9264C7EEF004B32A4 /* Resources */,
				FCCDF63A264E975500FC01A3 /* Embed Frameworks */,
			);
			buildRules = (
			);
			dependencies = (
				FCCDF636264E974C00FC01A3 /* PBXTargetDependency */,
			);
			name = StackOverflowAPI;
			productName = StackOverflowAPI;
			productReference = FC44AAAB264C7EEF004B32A4 /* StackOverflowAPI.framework */;
			productType = "com.apple.product-type.framework";
		};
		FCCDF608264E798200FC01A3 /* Layout */ = {
			isa = PBXNativeTarget;
			buildConfigurationList = FCCDF612264E798200FC01A3 /* Build configuration list for PBXNativeTarget "Layout" */;
			buildPhases = (
				FCCDF604264E798200FC01A3 /* Headers */,
				FCCDF605264E798200FC01A3 /* Sources */,
				FCCDF606264E798200FC01A3 /* Frameworks */,
				FCCDF607264E798200FC01A3 /* Resources */,
			);
			buildRules = (
			);
			dependencies = (
			);
			name = Layout;
			productName = Layout;
			productReference = FCCDF609264E798200FC01A3 /* Layout.framework */;
			productType = "com.apple.product-type.framework";
		};
		FCCDF622264E95C400FC01A3 /* Mock */ = {
			isa = PBXNativeTarget;
			buildConfigurationList = FCCDF62C264E95C400FC01A3 /* Build configuration list for PBXNativeTarget "Mock" */;
			buildPhases = (
				FCCDF61E264E95C400FC01A3 /* Headers */,
				FCCDF61F264E95C400FC01A3 /* Sources */,
				FCCDF620264E95C400FC01A3 /* Frameworks */,
				FCCDF621264E95C400FC01A3 /* Resources */,
			);
			buildRules = (
			);
			dependencies = (
			);
			name = Mock;
			productName = Mock;
			productReference = FCCDF623264E95C400FC01A3 /* Mock.framework */;
			productType = "com.apple.product-type.framework";
		};
/* End PBXNativeTarget section */

/* Begin PBXProject section */
		FC44AA6D264C1EE7004B32A4 /* Project object */ = {
			isa = PBXProject;
			attributes = {
				LastSwiftUpdateCheck = 1250;
				LastUpgradeCheck = 1250;
				TargetAttributes = {
					FC44AA74264C1EE7004B32A4 = {
						CreatedOnToolsVersion = 12.5;
					};
					FC44AAAA264C7EEF004B32A4 = {
						CreatedOnToolsVersion = 12.5;
					};
					FCCDF608264E798200FC01A3 = {
						CreatedOnToolsVersion = 12.5;
						LastSwiftMigration = 1250;
					};
					FCCDF622264E95C400FC01A3 = {
						CreatedOnToolsVersion = 12.5;
					};
				};
			};
			buildConfigurationList = FC44AA70264C1EE7004B32A4 /* Build configuration list for PBXProject "StackOverflow" */;
			compatibilityVersion = "Xcode 9.3";
			developmentRegion = en;
			hasScannedForEncodings = 0;
			knownRegions = (
				en,
				Base,
			);
			mainGroup = FC44AA6C264C1EE7004B32A4;
			productRefGroup = FC44AA76264C1EE7004B32A4 /* Products */;
			projectDirPath = "";
			projectRoot = "";
			targets = (
				FC44AA74264C1EE7004B32A4 /* StackOverflow */,
				FC44AAAA264C7EEF004B32A4 /* StackOverflowAPI */,
				FCCDF608264E798200FC01A3 /* Layout */,
				FCCDF622264E95C400FC01A3 /* Mock */,
			);
		};
/* End PBXProject section */

/* Begin PBXResourcesBuildPhase section */
		FC44AA73264C1EE7004B32A4 /* Resources */ = {
			isa = PBXResourcesBuildPhase;
			buildActionMask = 2147483647;
			files = (
				FC44AA97264C1F86004B32A4 /* iOS Developer Practical Test (1).pdf in Resources */,
				FC44AA85264C1EE9004B32A4 /* LaunchScreen.storyboard in Resources */,
				FC44AA96264C1F86004B32A4 /* sample.json in Resources */,
				FC44AAA1264C5DE9004B32A4 /* Localizable.strings in Resources */,
				FC44AA82264C1EE9004B32A4 /* Assets.xcassets in Resources */,
				FC44AA95264C1F86004B32A4 /* Readme.md in Resources */,
				FC44AAA0264C5DE9004B32A4 /* Localizable.stringsdict in Resources */,
			);
			runOnlyForDeploymentPostprocessing = 0;
		};
		FC44AAA9264C7EEF004B32A4 /* Resources */ = {
			isa = PBXResourcesBuildPhase;
			buildActionMask = 2147483647;
			files = (
			);
			runOnlyForDeploymentPostprocessing = 0;
		};
		FCCDF607264E798200FC01A3 /* Resources */ = {
			isa = PBXResourcesBuildPhase;
			buildActionMask = 2147483647;
			files = (
			);
			runOnlyForDeploymentPostprocessing = 0;
		};
		FCCDF621264E95C400FC01A3 /* Resources */ = {
			isa = PBXResourcesBuildPhase;
			buildActionMask = 2147483647;
			files = (
			);
			runOnlyForDeploymentPostprocessing = 0;
		};
/* End PBXResourcesBuildPhase section */

/* Begin PBXSourcesBuildPhase section */
		FC44AA71264C1EE7004B32A4 /* Sources */ = {
			isa = PBXSourcesBuildPhase;
			buildActionMask = 2147483647;
			files = (
				FCCDF647264F0DB700FC01A3 /* SearchResultTableViewCell.swift in Sources */,
				FC44AA8F264C1F5D004B32A4 /* SearchViewController.swift in Sources */,
				FC8967C1264DBECD00F72FDD /* NavigationController.swift in Sources */,
				FC8967BB264D99BB00F72FDD /* URLImageView.swift in Sources */,
				FC44AA79264C1EE7004B32A4 /* AppDelegate.swift in Sources */,
				FC44AA9B264C2D24004B32A4 /* SearchModel.swift in Sources */,
				FCCDF645264EC15200FC01A3 /* SearchViewModel.swift in Sources */,
				FC44AABD264C93BA004B32A4 /* FoundationExtensions.swift in Sources */,
				FC8967B9264D133C00F72FDD /* Localization.swift in Sources */,
				FC44AABB264C8A95004B32A4 /* ContentPlaceholderView.swift in Sources */,
				FC8967B5264D0A4600F72FDD /* QuestionViewController.swift in Sources */,
				FC8967C3264DC26700F72FDD /* BackgroundContainerView.swift in Sources */,
				FC8967BF264DBC4800F72FDD /* SearchBarContainerView.swift in Sources */,
				FC44AA7B264C1EE7004B32A4 /* SceneDelegate.swift in Sources */,
				FCCDF64F264F206800FC01A3 /* UIKitExtensions.swift in Sources */,
			);
			runOnlyForDeploymentPostprocessing = 0;
		};
		FC44AAA7264C7EEF004B32A4 /* Sources */ = {
			isa = PBXSourcesBuildPhase;
			buildActionMask = 2147483647;
			files = (
				FC44AAB9264C7F05004B32A4 /* CodableTransport.swift in Sources */,
				FCCDF631264E961300FC01A3 /* Timestamp.swift in Sources */,
				FC44AAB8264C7EF8004B32A4 /* StackOverflowQuestionsService.swift in Sources */,
			);
			runOnlyForDeploymentPostprocessing = 0;
		};
		FCCDF605264E798200FC01A3 /* Sources */ = {
			isa = PBXSourcesBuildPhase;
			buildActionMask = 2147483647;
			files = (
				FCCDF63E264E99FD00FC01A3 /* ColorView.swift in Sources */,
				FCCDF619264E7D4100FC01A3 /* UIKitExtensions.swift in Sources */,
				FCCDF616264E79AA00FC01A3 /* Margin.swift in Sources */,
				FCCDF64D264F188100FC01A3 /* ZStack.swift in Sources */,
				FCCDF63F264E9E6D00FC01A3 /* HorizontalDividerView.swift in Sources */,
			);
			runOnlyForDeploymentPostprocessing = 0;
		};
		FCCDF61F264E95C400FC01A3 /* Sources */ = {
			isa = PBXSourcesBuildPhase;
			buildActionMask = 2147483647;
			files = (
				FCCDF62F264E95CB00FC01A3 /* Mock.swift in Sources */,
			);
			runOnlyForDeploymentPostprocessing = 0;
		};
/* End PBXSourcesBuildPhase section */

/* Begin PBXTargetDependency section */
		FC44AAB1264C7EEF004B32A4 /* PBXTargetDependency */ = {
			isa = PBXTargetDependency;
			target = FC44AAAA264C7EEF004B32A4 /* StackOverflowAPI */;
			targetProxy = FC44AAB0264C7EEF004B32A4 /* PBXContainerItemProxy */;
		};
		FCCDF60F264E798200FC01A3 /* PBXTargetDependency */ = {
			isa = PBXTargetDependency;
			target = FCCDF608264E798200FC01A3 /* Layout */;
			targetProxy = FCCDF60E264E798200FC01A3 /* PBXContainerItemProxy */;
		};
		FCCDF629264E95C400FC01A3 /* PBXTargetDependency */ = {
			isa = PBXTargetDependency;
			target = FCCDF622264E95C400FC01A3 /* Mock */;
			targetProxy = FCCDF628264E95C400FC01A3 /* PBXContainerItemProxy */;
		};
		FCCDF636264E974C00FC01A3 /* PBXTargetDependency */ = {
			isa = PBXTargetDependency;
			target = FCCDF622264E95C400FC01A3 /* Mock */;
			targetProxy = FCCDF635264E974C00FC01A3 /* PBXContainerItemProxy */;
		};
/* End PBXTargetDependency section */

/* Begin PBXVariantGroup section */
		FC44AA83264C1EE9004B32A4 /* LaunchScreen.storyboard */ = {
			isa = PBXVariantGroup;
			children = (
				FC44AA84264C1EE9004B32A4 /* Base */,
			);
			name = LaunchScreen.storyboard;
			sourceTree = "<group>";
		};
/* End PBXVariantGroup section */

/* Begin XCBuildConfiguration section */
		FC44AA87264C1EE9004B32A4 /* Debug */ = {
			isa = XCBuildConfiguration;
			buildSettings = {
				ALWAYS_SEARCH_USER_PATHS = NO;
				CLANG_ANALYZER_NONNULL = YES;
				CLANG_ANALYZER_NUMBER_OBJECT_CONVERSION = YES_AGGRESSIVE;
				CLANG_CXX_LANGUAGE_STANDARD = "gnu++14";
				CLANG_CXX_LIBRARY = "libc++";
				CLANG_ENABLE_MODULES = YES;
				CLANG_ENABLE_OBJC_ARC = YES;
				CLANG_ENABLE_OBJC_WEAK = YES;
				CLANG_WARN_BLOCK_CAPTURE_AUTORELEASING = YES;
				CLANG_WARN_BOOL_CONVERSION = YES;
				CLANG_WARN_COMMA = YES;
				CLANG_WARN_CONSTANT_CONVERSION = YES;
				CLANG_WARN_DEPRECATED_OBJC_IMPLEMENTATIONS = YES;
				CLANG_WARN_DIRECT_OBJC_ISA_USAGE = YES_ERROR;
				CLANG_WARN_DOCUMENTATION_COMMENTS = YES;
				CLANG_WARN_EMPTY_BODY = YES;
				CLANG_WARN_ENUM_CONVERSION = YES;
				CLANG_WARN_INFINITE_RECURSION = YES;
				CLANG_WARN_INT_CONVERSION = YES;
				CLANG_WARN_NON_LITERAL_NULL_CONVERSION = YES;
				CLANG_WARN_OBJC_IMPLICIT_RETAIN_SELF = YES;
				CLANG_WARN_OBJC_LITERAL_CONVERSION = YES;
				CLANG_WARN_OBJC_ROOT_CLASS = YES_ERROR;
				CLANG_WARN_QUOTED_INCLUDE_IN_FRAMEWORK_HEADER = YES;
				CLANG_WARN_RANGE_LOOP_ANALYSIS = YES;
				CLANG_WARN_STRICT_PROTOTYPES = YES;
				CLANG_WARN_SUSPICIOUS_MOVE = YES;
				CLANG_WARN_UNGUARDED_AVAILABILITY = YES_AGGRESSIVE;
				CLANG_WARN_UNREACHABLE_CODE = YES;
				CLANG_WARN__DUPLICATE_METHOD_MATCH = YES;
				COPY_PHASE_STRIP = NO;
				DEBUG_INFORMATION_FORMAT = dwarf;
				ENABLE_STRICT_OBJC_MSGSEND = YES;
				ENABLE_TESTABILITY = YES;
				GCC_C_LANGUAGE_STANDARD = gnu11;
				GCC_DYNAMIC_NO_PIC = NO;
				GCC_NO_COMMON_BLOCKS = YES;
				GCC_OPTIMIZATION_LEVEL = 0;
				GCC_PREPROCESSOR_DEFINITIONS = (
					"DEBUG=1",
					"$(inherited)",
				);
				GCC_WARN_64_TO_32_BIT_CONVERSION = YES;
				GCC_WARN_ABOUT_RETURN_TYPE = YES_ERROR;
				GCC_WARN_UNDECLARED_SELECTOR = YES;
				GCC_WARN_UNINITIALIZED_AUTOS = YES_AGGRESSIVE;
				GCC_WARN_UNUSED_FUNCTION = YES;
				GCC_WARN_UNUSED_VARIABLE = YES;
				IPHONEOS_DEPLOYMENT_TARGET = 14.5;
				MTL_ENABLE_DEBUG_INFO = INCLUDE_SOURCE;
				MTL_FAST_MATH = YES;
				ONLY_ACTIVE_ARCH = YES;
				SDKROOT = iphoneos;
				SWIFT_ACTIVE_COMPILATION_CONDITIONS = DEBUG;
				SWIFT_OPTIMIZATION_LEVEL = "-Onone";
			};
			name = Debug;
		};
		FC44AA88264C1EE9004B32A4 /* Release */ = {
			isa = XCBuildConfiguration;
			buildSettings = {
				ALWAYS_SEARCH_USER_PATHS = NO;
				CLANG_ANALYZER_NONNULL = YES;
				CLANG_ANALYZER_NUMBER_OBJECT_CONVERSION = YES_AGGRESSIVE;
				CLANG_CXX_LANGUAGE_STANDARD = "gnu++14";
				CLANG_CXX_LIBRARY = "libc++";
				CLANG_ENABLE_MODULES = YES;
				CLANG_ENABLE_OBJC_ARC = YES;
				CLANG_ENABLE_OBJC_WEAK = YES;
				CLANG_WARN_BLOCK_CAPTURE_AUTORELEASING = YES;
				CLANG_WARN_BOOL_CONVERSION = YES;
				CLANG_WARN_COMMA = YES;
				CLANG_WARN_CONSTANT_CONVERSION = YES;
				CLANG_WARN_DEPRECATED_OBJC_IMPLEMENTATIONS = YES;
				CLANG_WARN_DIRECT_OBJC_ISA_USAGE = YES_ERROR;
				CLANG_WARN_DOCUMENTATION_COMMENTS = YES;
				CLANG_WARN_EMPTY_BODY = YES;
				CLANG_WARN_ENUM_CONVERSION = YES;
				CLANG_WARN_INFINITE_RECURSION = YES;
				CLANG_WARN_INT_CONVERSION = YES;
				CLANG_WARN_NON_LITERAL_NULL_CONVERSION = YES;
				CLANG_WARN_OBJC_IMPLICIT_RETAIN_SELF = YES;
				CLANG_WARN_OBJC_LITERAL_CONVERSION = YES;
				CLANG_WARN_OBJC_ROOT_CLASS = YES_ERROR;
				CLANG_WARN_QUOTED_INCLUDE_IN_FRAMEWORK_HEADER = YES;
				CLANG_WARN_RANGE_LOOP_ANALYSIS = YES;
				CLANG_WARN_STRICT_PROTOTYPES = YES;
				CLANG_WARN_SUSPICIOUS_MOVE = YES;
				CLANG_WARN_UNGUARDED_AVAILABILITY = YES_AGGRESSIVE;
				CLANG_WARN_UNREACHABLE_CODE = YES;
				CLANG_WARN__DUPLICATE_METHOD_MATCH = YES;
				COPY_PHASE_STRIP = NO;
				DEBUG_INFORMATION_FORMAT = "dwarf-with-dsym";
				ENABLE_NS_ASSERTIONS = NO;
				ENABLE_STRICT_OBJC_MSGSEND = YES;
				GCC_C_LANGUAGE_STANDARD = gnu11;
				GCC_NO_COMMON_BLOCKS = YES;
				GCC_WARN_64_TO_32_BIT_CONVERSION = YES;
				GCC_WARN_ABOUT_RETURN_TYPE = YES_ERROR;
				GCC_WARN_UNDECLARED_SELECTOR = YES;
				GCC_WARN_UNINITIALIZED_AUTOS = YES_AGGRESSIVE;
				GCC_WARN_UNUSED_FUNCTION = YES;
				GCC_WARN_UNUSED_VARIABLE = YES;
				IPHONEOS_DEPLOYMENT_TARGET = 14.5;
				MTL_ENABLE_DEBUG_INFO = NO;
				MTL_FAST_MATH = YES;
				SDKROOT = iphoneos;
				SWIFT_COMPILATION_MODE = wholemodule;
				SWIFT_OPTIMIZATION_LEVEL = "-O";
				VALIDATE_PRODUCT = YES;
			};
			name = Release;
		};
		FC44AA8A264C1EE9004B32A4 /* Debug */ = {
			isa = XCBuildConfiguration;
			buildSettings = {
				ALWAYS_EMBED_SWIFT_STANDARD_LIBRARIES = YES;
				ASSETCATALOG_COMPILER_APPICON_NAME = AppIcon;
				ASSETCATALOG_COMPILER_GLOBAL_ACCENT_COLOR_NAME = AccentColor;
				CODE_SIGN_STYLE = Automatic;
				DEVELOPMENT_TEAM = DBK476475Y;
				INFOPLIST_FILE = StackOverflow/Resources/Info.plist;
				IPHONEOS_DEPLOYMENT_TARGET = 14.1;
				LD_RUNPATH_SEARCH_PATHS = (
					"$(inherited)",
					"@executable_path/Frameworks",
				);
				PRODUCT_BUNDLE_IDENTIFIER = com.lukevanin.StackOverflow;
				PRODUCT_NAME = "$(TARGET_NAME)";
				SWIFT_VERSION = 5.0;
				TARGETED_DEVICE_FAMILY = "1,2";
			};
			name = Debug;
		};
		FC44AA8B264C1EE9004B32A4 /* Release */ = {
			isa = XCBuildConfiguration;
			buildSettings = {
				ALWAYS_EMBED_SWIFT_STANDARD_LIBRARIES = YES;
				ASSETCATALOG_COMPILER_APPICON_NAME = AppIcon;
				ASSETCATALOG_COMPILER_GLOBAL_ACCENT_COLOR_NAME = AccentColor;
				CODE_SIGN_STYLE = Automatic;
				DEVELOPMENT_TEAM = DBK476475Y;
				INFOPLIST_FILE = StackOverflow/Resources/Info.plist;
				IPHONEOS_DEPLOYMENT_TARGET = 14.1;
				LD_RUNPATH_SEARCH_PATHS = (
					"$(inherited)",
					"@executable_path/Frameworks",
				);
				PRODUCT_BUNDLE_IDENTIFIER = com.lukevanin.StackOverflow;
				PRODUCT_NAME = "$(TARGET_NAME)";
				SWIFT_VERSION = 5.0;
				TARGETED_DEVICE_FAMILY = "1,2";
			};
			name = Release;
		};
		FC44AAB5264C7EEF004B32A4 /* Debug */ = {
			isa = XCBuildConfiguration;
			buildSettings = {
				CODE_SIGN_STYLE = Automatic;
				CURRENT_PROJECT_VERSION = 1;
				DEFINES_MODULE = YES;
				DEVELOPMENT_TEAM = DBK476475Y;
				DYLIB_COMPATIBILITY_VERSION = 1;
				DYLIB_CURRENT_VERSION = 1;
				DYLIB_INSTALL_NAME_BASE = "@rpath";
				INFOPLIST_FILE = StackOverflowAPI/Info.plist;
				INSTALL_PATH = "$(LOCAL_LIBRARY_DIR)/Frameworks";
				IPHONEOS_DEPLOYMENT_TARGET = 14.1;
				LD_RUNPATH_SEARCH_PATHS = (
					"$(inherited)",
					"@executable_path/Frameworks",
					"@loader_path/Frameworks",
				);
				PRODUCT_BUNDLE_IDENTIFIER = com.lukevanin.StackOverflowAPI;
				PRODUCT_NAME = "$(TARGET_NAME:c99extidentifier)";
				SKIP_INSTALL = YES;
				SWIFT_VERSION = 5.0;
				TARGETED_DEVICE_FAMILY = "1,2";
				VERSIONING_SYSTEM = "apple-generic";
				VERSION_INFO_PREFIX = "";
			};
			name = Debug;
		};
		FC44AAB6264C7EEF004B32A4 /* Release */ = {
			isa = XCBuildConfiguration;
			buildSettings = {
				CODE_SIGN_STYLE = Automatic;
				CURRENT_PROJECT_VERSION = 1;
				DEFINES_MODULE = YES;
				DEVELOPMENT_TEAM = DBK476475Y;
				DYLIB_COMPATIBILITY_VERSION = 1;
				DYLIB_CURRENT_VERSION = 1;
				DYLIB_INSTALL_NAME_BASE = "@rpath";
				INFOPLIST_FILE = StackOverflowAPI/Info.plist;
				INSTALL_PATH = "$(LOCAL_LIBRARY_DIR)/Frameworks";
				IPHONEOS_DEPLOYMENT_TARGET = 14.1;
				LD_RUNPATH_SEARCH_PATHS = (
					"$(inherited)",
					"@executable_path/Frameworks",
					"@loader_path/Frameworks",
				);
				PRODUCT_BUNDLE_IDENTIFIER = com.lukevanin.StackOverflowAPI;
				PRODUCT_NAME = "$(TARGET_NAME:c99extidentifier)";
				SKIP_INSTALL = YES;
				SWIFT_VERSION = 5.0;
				TARGETED_DEVICE_FAMILY = "1,2";
				VERSIONING_SYSTEM = "apple-generic";
				VERSION_INFO_PREFIX = "";
			};
			name = Release;
		};
		FCCDF613264E798200FC01A3 /* Debug */ = {
			isa = XCBuildConfiguration;
			buildSettings = {
				CLANG_ENABLE_MODULES = YES;
				CODE_SIGN_STYLE = Automatic;
				CURRENT_PROJECT_VERSION = 1;
				DEFINES_MODULE = YES;
				DEVELOPMENT_TEAM = DBK476475Y;
				DYLIB_COMPATIBILITY_VERSION = 1;
				DYLIB_CURRENT_VERSION = 1;
				DYLIB_INSTALL_NAME_BASE = "@rpath";
				INFOPLIST_FILE = Layout/Info.plist;
				INSTALL_PATH = "$(LOCAL_LIBRARY_DIR)/Frameworks";
				IPHONEOS_DEPLOYMENT_TARGET = 14.1;
				LD_RUNPATH_SEARCH_PATHS = (
					"$(inherited)",
					"@executable_path/Frameworks",
					"@loader_path/Frameworks",
				);
				PRODUCT_BUNDLE_IDENTIFIER = com.lukevanin.Layout;
				PRODUCT_NAME = "$(TARGET_NAME:c99extidentifier)";
				SKIP_INSTALL = YES;
				SWIFT_OPTIMIZATION_LEVEL = "-Onone";
				SWIFT_VERSION = 5.0;
				TARGETED_DEVICE_FAMILY = "1,2";
				VERSIONING_SYSTEM = "apple-generic";
				VERSION_INFO_PREFIX = "";
			};
			name = Debug;
		};
		FCCDF614264E798200FC01A3 /* Release */ = {
			isa = XCBuildConfiguration;
			buildSettings = {
				CLANG_ENABLE_MODULES = YES;
				CODE_SIGN_STYLE = Automatic;
				CURRENT_PROJECT_VERSION = 1;
				DEFINES_MODULE = YES;
				DEVELOPMENT_TEAM = DBK476475Y;
				DYLIB_COMPATIBILITY_VERSION = 1;
				DYLIB_CURRENT_VERSION = 1;
				DYLIB_INSTALL_NAME_BASE = "@rpath";
				INFOPLIST_FILE = Layout/Info.plist;
				INSTALL_PATH = "$(LOCAL_LIBRARY_DIR)/Frameworks";
				IPHONEOS_DEPLOYMENT_TARGET = 14.1;
				LD_RUNPATH_SEARCH_PATHS = (
					"$(inherited)",
					"@executable_path/Frameworks",
					"@loader_path/Frameworks",
				);
				PRODUCT_BUNDLE_IDENTIFIER = com.lukevanin.Layout;
				PRODUCT_NAME = "$(TARGET_NAME:c99extidentifier)";
				SKIP_INSTALL = YES;
				SWIFT_VERSION = 5.0;
				TARGETED_DEVICE_FAMILY = "1,2";
				VERSIONING_SYSTEM = "apple-generic";
				VERSION_INFO_PREFIX = "";
			};
			name = Release;
		};
		FCCDF62D264E95C400FC01A3 /* Debug */ = {
			isa = XCBuildConfiguration;
			buildSettings = {
				CODE_SIGN_STYLE = Automatic;
				CURRENT_PROJECT_VERSION = 1;
				DEFINES_MODULE = YES;
				DEVELOPMENT_TEAM = DBK476475Y;
				DYLIB_COMPATIBILITY_VERSION = 1;
				DYLIB_CURRENT_VERSION = 1;
				DYLIB_INSTALL_NAME_BASE = "@rpath";
				INFOPLIST_FILE = Mock/Info.plist;
				INSTALL_PATH = "$(LOCAL_LIBRARY_DIR)/Frameworks";
				IPHONEOS_DEPLOYMENT_TARGET = 14.1;
				LD_RUNPATH_SEARCH_PATHS = (
					"$(inherited)",
					"@executable_path/Frameworks",
					"@loader_path/Frameworks",
				);
				PRODUCT_BUNDLE_IDENTIFIER = com.lukevanin.Mock;
				PRODUCT_NAME = "$(TARGET_NAME:c99extidentifier)";
				SKIP_INSTALL = YES;
				SWIFT_VERSION = 5.0;
				TARGETED_DEVICE_FAMILY = "1,2";
				VERSIONING_SYSTEM = "apple-generic";
				VERSION_INFO_PREFIX = "";
			};
			name = Debug;
		};
		FCCDF62E264E95C400FC01A3 /* Release */ = {
			isa = XCBuildConfiguration;
			buildSettings = {
				CODE_SIGN_STYLE = Automatic;
				CURRENT_PROJECT_VERSION = 1;
				DEFINES_MODULE = YES;
				DEVELOPMENT_TEAM = DBK476475Y;
				DYLIB_COMPATIBILITY_VERSION = 1;
				DYLIB_CURRENT_VERSION = 1;
				DYLIB_INSTALL_NAME_BASE = "@rpath";
				INFOPLIST_FILE = Mock/Info.plist;
				INSTALL_PATH = "$(LOCAL_LIBRARY_DIR)/Frameworks";
				IPHONEOS_DEPLOYMENT_TARGET = 14.1;
				LD_RUNPATH_SEARCH_PATHS = (
					"$(inherited)",
					"@executable_path/Frameworks",
					"@loader_path/Frameworks",
				);
				PRODUCT_BUNDLE_IDENTIFIER = com.lukevanin.Mock;
				PRODUCT_NAME = "$(TARGET_NAME:c99extidentifier)";
				SKIP_INSTALL = YES;
				SWIFT_VERSION = 5.0;
				TARGETED_DEVICE_FAMILY = "1,2";
				VERSIONING_SYSTEM = "apple-generic";
				VERSION_INFO_PREFIX = "";
			};
			name = Release;
		};
/* End XCBuildConfiguration section */

/* Begin XCConfigurationList section */
		FC44AA70264C1EE7004B32A4 /* Build configuration list for PBXProject "StackOverflow" */ = {
			isa = XCConfigurationList;
			buildConfigurations = (
				FC44AA87264C1EE9004B32A4 /* Debug */,
				FC44AA88264C1EE9004B32A4 /* Release */,
			);
			defaultConfigurationIsVisible = 0;
			defaultConfigurationName = Release;
		};
		FC44AA89264C1EE9004B32A4 /* Build configuration list for PBXNativeTarget "StackOverflow" */ = {
			isa = XCConfigurationList;
			buildConfigurations = (
				FC44AA8A264C1EE9004B32A4 /* Debug */,
				FC44AA8B264C1EE9004B32A4 /* Release */,
			);
			defaultConfigurationIsVisible = 0;
			defaultConfigurationName = Release;
		};
		FC44AAB4264C7EEF004B32A4 /* Build configuration list for PBXNativeTarget "StackOverflowAPI" */ = {
			isa = XCConfigurationList;
			buildConfigurations = (
				FC44AAB5264C7EEF004B32A4 /* Debug */,
				FC44AAB6264C7EEF004B32A4 /* Release */,
			);
			defaultConfigurationIsVisible = 0;
			defaultConfigurationName = Release;
		};
		FCCDF612264E798200FC01A3 /* Build configuration list for PBXNativeTarget "Layout" */ = {
			isa = XCConfigurationList;
			buildConfigurations = (
				FCCDF613264E798200FC01A3 /* Debug */,
				FCCDF614264E798200FC01A3 /* Release */,
			);
			defaultConfigurationIsVisible = 0;
			defaultConfigurationName = Release;
		};
		FCCDF62C264E95C400FC01A3 /* Build configuration list for PBXNativeTarget "Mock" */ = {
			isa = XCConfigurationList;
			buildConfigurations = (
				FCCDF62D264E95C400FC01A3 /* Debug */,
				FCCDF62E264E95C400FC01A3 /* Release */,
			);
			defaultConfigurationIsVisible = 0;
			defaultConfigurationName = Release;
		};
/* End XCConfigurationList section */
	};
	rootObject = FC44AA6D264C1EE7004B32A4 /* Project object */;
}
